
Microsoft Visual Studio Solution File, Format Version 12.00
# Visual Studio Version 17
VisualStudioVersion = 17.12.35527.113 d17.12
MinimumVisualStudioVersion = 10.0.40219.1
Project("{FAE04EC0-301F-11D3-BF4B-00C04F79EFBC}") = "TestApp1", "TestApp1.csproj", "{4256DAE1-9B32-4508-A11E-719F7B9648DE}"
EndProject
Global
	GlobalSection(SolutionConfigurationPlatforms) = preSolution
		Debug|Any CPU = Debug|Any CPU
		Release|Any CPU = Release|Any CPU
	EndGlobalSection
	GlobalSection(ProjectConfigurationPlatforms) = postSolution
		{4256DAE1-9B32-4508-A11E-719F7B9648DE}.Debug|Any CPU.ActiveCfg = Debug|Any CPU
		{4256DAE1-9B32-4508-A11E-719F7B9648DE}.Debug|Any CPU.Build.0 = Debug|Any CPU
		{4256DAE1-9B32-4508-A11E-719F7B9648DE}.Release|Any CPU.ActiveCfg = Release|Any CPU
		{4256DAE1-9B32-4508-A11E-719F7B9648DE}.Release|Any CPU.Build.0 = Release|Any CPU
	EndGlobalSection
	GlobalSection(SolutionProperties) = preSolution
		HideSolutionNode = FALSE
	EndGlobalSection
EndGlobal
